
Microsoft Visual Studio Solution File, Format Version 12.00
# Visual Studio Version 17
VisualStudioVersion = 17.7.34202.233
MinimumVisualStudioVersion = 10.0.40219.1
Project("{2150E333-8FDC-42A3-9474-1A3956D46DE8}") = "src", "src", "{CAC962B6-3E6B-4410-822D-CE0D69F08BBC}"
EndProject
Project("{2150E333-8FDC-42A3-9474-1A3956D46DE8}") = "test", "test", "{357731AA-516C-4D56-9294-BD2124CC6F7D}"
EndProject
Project("{2150E333-8FDC-42A3-9474-1A3956D46DE8}") = "API", "API", "{20D57A92-2598-46A0-A19B-98B242B79D34}"
EndProject
Project("{2150E333-8FDC-42A3-9474-1A3956D46DE8}") = "Infrastructure", "Infrastructure", "{DDA3CEBD-CF64-4DD6-B608-1A334C7B958F}"
EndProject
Project("{2150E333-8FDC-42A3-9474-1A3956D46DE8}") = "Core", "Core", "{9CA6C880-F963-4DE5-97D2-129853A4F5CF}"
EndProject
Project("{2150E333-8FDC-42A3-9474-1A3956D46DE8}") = "UI", "UI", "{C7BC5363-738C-4452-9FBE-A27FEEB32861}"
EndProject
Project("{9A19103F-16F7-4668-BE54-9A1E7A4F7556}") = "HR.LeaveManagement.Domain", "HR.LeaveManagement.Domain\HR.LeaveManagement.Domain.csproj", "{F2D05EC5-736C-48DD-9C64-9E93B4A19E56}"
EndProject
Project("{9A19103F-16F7-4668-BE54-9A1E7A4F7556}") = "HR.LeaveManagement.Application", "HR.LeaveManagement.Application\HR.LeaveManagement.Application.csproj", "{075DEFF3-E8B5-4A41-B742-94A9A7AF8BAA}"
EndProject
Project("{9A19103F-16F7-4668-BE54-9A1E7A4F7556}") = "HR.LeaveManagement.Persistence", "HR.LeaveManagement.Persistence\HR.LeaveManagement.Persistence.csproj", "{2C64A7E1-DA8F-4BC8-A513-FFC5C804D584}"
EndProject
Project("{9A19103F-16F7-4668-BE54-9A1E7A4F7556}") = "HR.LeaveManagement.Infrastructure", "HR.LeaveManagement.Infrastructure\HR.LeaveManagement.Infrastructure.csproj", "{F3806433-8A1E-4EDB-BFC6-537FB4EBE174}"
EndProject
Project("{9A19103F-16F7-4668-BE54-9A1E7A4F7556}") = "HR.LeaveManagement.API", "HR.LeaveManagement.API\HR.LeaveManagement.API.csproj", "{751BD165-98AF-4B9F-9C89-B928BC9C2EAC}"
EndProject
Project("{9A19103F-16F7-4668-BE54-9A1E7A4F7556}") = "HR.LeaveManagement.Application.UnitTests", "HR.LeaveManagement.Application.UnitTests\HR.LeaveManagement.Application.UnitTests.csproj", "{C9DE7FF7-1471-49D9-B19E-5F92C4F24191}"
EndProject
Project("{9A19103F-16F7-4668-BE54-9A1E7A4F7556}") = "HR.LeaveManagement.Persistence.IntegrationTests", "HR.LeaveManagement.Persistence.IntegrationTests\HR.LeaveManagement.Persistence.IntegrationTests.csproj", "{B3D1CF1A-C691-42F7-A7EF-59B479764537}"
EndProject
Project("{FAE04EC0-301F-11D3-BF4B-00C04F79EFBC}") = "HR.LeaveManagement.BlazorUI", "HR.LeaveManagement.BlazorUI\HR.LeaveManagement.BlazorUI.csproj", "{D958334E-7F13-4925-8C03-85D444579EF9}"
EndProject
Global
	GlobalSection(SolutionConfigurationPlatforms) = preSolution
		Debug|Any CPU = Debug|Any CPU
		Release|Any CPU = Release|Any CPU
	EndGlobalSection
	GlobalSection(ProjectConfigurationPlatforms) = postSolution
		{F2D05EC5-736C-48DD-9C64-9E93B4A19E56}.Debug|Any CPU.ActiveCfg = Debug|Any CPU
		{F2D05EC5-736C-48DD-9C64-9E93B4A19E56}.Debug|Any CPU.Build.0 = Debug|Any CPU
		{F2D05EC5-736C-48DD-9C64-9E93B4A19E56}.Release|Any CPU.ActiveCfg = Release|Any CPU
		{F2D05EC5-736C-48DD-9C64-9E93B4A19E56}.Release|Any CPU.Build.0 = Release|Any CPU
		{075DEFF3-E8B5-4A41-B742-94A9A7AF8BAA}.Debug|Any CPU.ActiveCfg = Debug|Any CPU
		{075DEFF3-E8B5-4A41-B742-94A9A7AF8BAA}.Debug|Any CPU.Build.0 = Debug|Any CPU
		{075DEFF3-E8B5-4A41-B742-94A9A7AF8BAA}.Release|Any CPU.ActiveCfg = Release|Any CPU
		{075DEFF3-E8B5-4A41-B742-94A9A7AF8BAA}.Release|Any CPU.Build.0 = Release|Any CPU
		{2C64A7E1-DA8F-4BC8-A513-FFC5C804D584}.Debug|Any CPU.ActiveCfg = Debug|Any CPU
		{2C64A7E1-DA8F-4BC8-A513-FFC5C804D584}.Debug|Any CPU.Build.0 = Debug|Any CPU
		{2C64A7E1-DA8F-4BC8-A513-FFC5C804D584}.Release|Any CPU.ActiveCfg = Release|Any CPU
		{2C64A7E1-DA8F-4BC8-A513-FFC5C804D584}.Release|Any CPU.Build.0 = Release|Any CPU
		{F3806433-8A1E-4EDB-BFC6-537FB4EBE174}.Debug|Any CPU.ActiveCfg = Debug|Any CPU
		{F3806433-8A1E-4EDB-BFC6-537FB4EBE174}.Debug|Any CPU.Build.0 = Debug|Any CPU
		{F3806433-8A1E-4EDB-BFC6-537FB4EBE174}.Release|Any CPU.ActiveCfg = Release|Any CPU
		{F3806433-8A1E-4EDB-BFC6-537FB4EBE174}.Release|Any CPU.Build.0 = Release|Any CPU
		{751BD165-98AF-4B9F-9C89-B928BC9C2EAC}.Debug|Any CPU.ActiveCfg = Debug|Any CPU
		{751BD165-98AF-4B9F-9C89-B928BC9C2EAC}.Debug|Any CPU.Build.0 = Debug|Any CPU
		{751BD165-98AF-4B9F-9C89-B928BC9C2EAC}.Release|Any CPU.ActiveCfg = Release|Any CPU
		{751BD165-98AF-4B9F-9C89-B928BC9C2EAC}.Release|Any CPU.Build.0 = Release|Any CPU
		{C9DE7FF7-1471-49D9-B19E-5F92C4F24191}.Debug|Any CPU.ActiveCfg = Debug|Any CPU
		{C9DE7FF7-1471-49D9-B19E-5F92C4F24191}.Debug|Any CPU.Build.0 = Debug|Any CPU
		{C9DE7FF7-1471-49D9-B19E-5F92C4F24191}.Release|Any CPU.ActiveCfg = Release|Any CPU
		{C9DE7FF7-1471-49D9-B19E-5F92C4F24191}.Release|Any CPU.Build.0 = Release|Any CPU
		{B3D1CF1A-C691-42F7-A7EF-59B479764537}.Debug|Any CPU.ActiveCfg = Debug|Any CPU
		{B3D1CF1A-C691-42F7-A7EF-59B479764537}.Debug|Any CPU.Build.0 = Debug|Any CPU
		{B3D1CF1A-C691-42F7-A7EF-59B479764537}.Release|Any CPU.ActiveCfg = Release|Any CPU
		{B3D1CF1A-C691-42F7-A7EF-59B479764537}.Release|Any CPU.Build.0 = Release|Any CPU
		{D958334E-7F13-4925-8C03-85D444579EF9}.Debug|Any CPU.ActiveCfg = Debug|Any CPU
		{D958334E-7F13-4925-8C03-85D444579EF9}.Debug|Any CPU.Build.0 = Debug|Any CPU
		{D958334E-7F13-4925-8C03-85D444579EF9}.Release|Any CPU.ActiveCfg = Release|Any CPU
		{D958334E-7F13-4925-8C03-85D444579EF9}.Release|Any CPU.Build.0 = Release|Any CPU
	EndGlobalSection
	GlobalSection(SolutionProperties) = preSolution
		HideSolutionNode = FALSE
	EndGlobalSection
	GlobalSection(NestedProjects) = preSolution
		{20D57A92-2598-46A0-A19B-98B242B79D34} = {CAC962B6-3E6B-4410-822D-CE0D69F08BBC}
		{DDA3CEBD-CF64-4DD6-B608-1A334C7B958F} = {CAC962B6-3E6B-4410-822D-CE0D69F08BBC}
		{9CA6C880-F963-4DE5-97D2-129853A4F5CF} = {CAC962B6-3E6B-4410-822D-CE0D69F08BBC}
		{C7BC5363-738C-4452-9FBE-A27FEEB32861} = {CAC962B6-3E6B-4410-822D-CE0D69F08BBC}
		{F2D05EC5-736C-48DD-9C64-9E93B4A19E56} = {9CA6C880-F963-4DE5-97D2-129853A4F5CF}
		{075DEFF3-E8B5-4A41-B742-94A9A7AF8BAA} = {9CA6C880-F963-4DE5-97D2-129853A4F5CF}
		{2C64A7E1-DA8F-4BC8-A513-FFC5C804D584} = {DDA3CEBD-CF64-4DD6-B608-1A334C7B958F}
		{F3806433-8A1E-4EDB-BFC6-537FB4EBE174} = {DDA3CEBD-CF64-4DD6-B608-1A334C7B958F}
		{751BD165-98AF-4B9F-9C89-B928BC9C2EAC} = {20D57A92-2598-46A0-A19B-98B242B79D34}
		{C9DE7FF7-1471-49D9-B19E-5F92C4F24191} = {357731AA-516C-4D56-9294-BD2124CC6F7D}
		{B3D1CF1A-C691-42F7-A7EF-59B479764537} = {357731AA-516C-4D56-9294-BD2124CC6F7D}
		{D958334E-7F13-4925-8C03-85D444579EF9} = {C7BC5363-738C-4452-9FBE-A27FEEB32861}
	EndGlobalSection
	GlobalSection(ExtensibilityGlobals) = postSolution
		SolutionGuid = {0529CF9F-9A40-4BC4-B2A2-7263262BCF88}
	EndGlobalSection
EndGlobal
